Microsoft Visual Studio Solution File, Format Version 12.00
# Visual Studio Version 17
VisualStudioVersion = 17.5.2.0
MinimumVisualStudioVersion = 10.0.40219.1
Project("{FAE04EC0-301F-11D3-BF4B-00C04F79EFBC}") = "ASP.NET-Core-Identity", "ASP.NET-Core-Identity.csproj", "{982B044B-431D-2842-2D7E-6B98238C25C7}"
EndProject
Global
	GlobalSection(SolutionConfigurationPlatforms) = preSolution
		Debug|Any CPU = Debug|Any CPU
		Release|Any CPU = Release|Any CPU
	EndGlobalSection
	GlobalSection(ProjectConfigurationPlatforms) = postSolution
		{982B044B-431D-2842-2D7E-6B98238C25C7}.Debug|Any CPU.ActiveCfg = Debug|Any CPU
		{982B044B-431D-2842-2D7E-6B98238C25C7}.Debug|Any CPU.Build.0 = Debug|Any CPU
		{982B044B-431D-2842-2D7E-6B98238C25C7}.Release|Any CPU.ActiveCfg = Release|Any CPU
		{982B044B-431D-2842-2D7E-6B98238C25C7}.Release|Any CPU.Build.0 = Release|Any CPU
	EndGlobalSection
	GlobalSection(SolutionProperties) = preSolution
		HideSolutionNode = FALSE
	EndGlobalSection
	GlobalSection(ExtensibilityGlobals) = postSolution
		SolutionGuid = {033764C5-4EB0-470A-8C32-49FC7D03353C}
	EndGlobalSection
EndGlobal
